lockfileVersion: '9.0'

settings:
  autoInstallPeers: true
  excludeLinksFromLockfile: false

importers:

  .:
    dependencies:
      '@elastic/elasticsearch':
        specifier: ~9.4.2
        version: 9.4.2
      csv-parse:
        specifier: ~7.0.1
        version: 7.0.1

packages:

  '@elastic/elasticsearch@9.4.2':
    resolution: {integrity: sha512-H9myMlLUeotkZhZ4ppinoMGDFxmW3lY8/s+4TIk1vFHyCvWU1Ej4T7azX5buCzemyFApgN0ywnEuvOtpel2VZg==}
    engines: {node: '>=20'}
    peerDependencies:
      apache-arrow: 18.x - 21.x
    peerDependenciesMeta:
      apache-arrow:
        optional: true

  '@elastic/transport@9.3.7':
    resolution: {integrity: sha512-L38Ax21uF2OPUmCRWycZ/dZdMYf7gMrtClcxvVrqJVFmn8ET2M++GYmFGJpLqOHS1beATxOXLWe7y2ijSQz/ng==}
    engines: {node: '>=20'}

  '@opentelemetry/api@1.9.1':
    resolution: {integrity: sha512-gLyJlPHPZYdAk1JENA9LeHejZe1Ti77/pTeFm/nMXmQH/HFZlcS/O2XJB+L8fkbrNSqhdtlvjBVjxwUYanNH5Q==}
    engines: {node: '>=8.0.0'}

  '@opentelemetry/core@2.10.0':
    resolution: {integrity: sha512-/wNZ8twnEQQA4HoHu22+vcsdru6pWPWxW+7w+FlxT6Id7PE/WIbZmVKkte+PF72e0F2dnImFeHD2syyE1Mw6MQ==}
    engines: {node: ^18.19.0 || >=20.6.0}
    peerDependencies:
      '@opentelemetry/api': '>=1.0.0 <1.10.0'

  '@opentelemetry/semantic-conventions@1.43.0':
    resolution: {integrity: sha512-eSYWTm620tTk45EKSedaUL8MFYI8hW164hIXsgIHyxu3VobUB3fFCu5t0hQby6OoWRPsG1KkKUG2M5UadiLiVg==}
    engines: {node: '>=14'}

  csv-parse@7.0.1:
    resolution: {integrity: sha512-+2z7Ar0APQ7Uu6fX4cn+pitRmxjZ1WPBcGmZFKmA74FCyi7Et/XZx8cjNQ5CjbZ4HCOxXCOpRBYvYH08Qa003A==}

  debug@4.4.3:
    resolution: {integrity: sha512-RGwwWnwQvkVfavKVt22FGLw+xYSdzARwm0ru6DhTVA3umU5hZc28V3kO4stgYryrTlLpuvgI9GiijltAjNbcqA==}
    engines: {node: '>=6.0'}
    peerDependencies:
      supports-color: '*'
    peerDependenciesMeta:
      supports-color:
        optional: true

  hpagent@1.2.0:
    resolution: {integrity: sha512-A91dYTeIB6NoXG+PxTQpCCDDnfHsW9kc06Lvpu1TEe9gnd6ZFeiBoRO9JvzEv6xK7EX97/dUE8g/vBMTqTS3CA==}
    engines: {node: '>=14'}

  ms@2.1.3:
    resolution: {integrity: sha512-6FlzubTLZG3J2a/NVCAleEhjzq5oxgHyaCU9yYXvcLsvoVaHJq/s5xXI6/XXP6tz7R9xAOtHnSO/tXtF3WRTlA==}

  secure-json-parse@4.1.0:
    resolution: {integrity: sha512-l4KnYfEyqYJxDwlNVyRfO2E4NTHfMKAWdUuA8J0yve2Dz/E/PdBepY03RvyJpssIpRFwJoCD55wA+mEDs6ByWA==}

  tslib@2.8.1:
    resolution: {integrity: sha512-oJFu94HQb+KVduSUQL7wnpmqnfmLsOA/nAh6b6EH0wCEoK0/mPeXU6c3wKDV83MkOuHPRHtSXKKU99IBazS/2w==}

  undici@7.29.0:
    resolution: {integrity: sha512-IDxfleLmmbSskfWSUATiN1nfn2rDuvnMOqb5CWR92iIfojA0Ud+ulOAAEQ57LPr9rWmsreUyf5lwyao+7GNNVw==}
    engines: {node: '>=20.18.1'}

snapshots:

  '@elastic/elasticsearch@9.4.2':
    dependencies:
      '@elastic/transport': 9.3.7
      tslib: 2.8.1
    transitivePeerDependencies:
      - supports-color

  '@elastic/transport@9.3.7':
    dependencies:
      '@opentelemetry/api': 1.9.1
      '@opentelemetry/core': 2.10.0(@opentelemetry/api@1.9.1)
      debug: 4.4.3
      hpagent: 1.2.0
      ms: 2.1.3
      secure-json-parse: 4.1.0
      tslib: 2.8.1
      undici: 7.29.0
    transitivePeerDependencies:
      - supports-color

  '@opentelemetry/api@1.9.1': {}

  '@opentelemetry/core@2.10.0(@opentelemetry/api@1.9.1)':
    dependencies:
      '@opentelemetry/api': 1.9.1
      '@opentelemetry/semantic-conventions': 1.43.0

  '@opentelemetry/semantic-conventions@1.43.0': {}

  csv-parse@7.0.1: {}

  debug@4.4.3:
    dependencies:
      ms: 2.1.3

  hpagent@1.2.0: {}

  ms@2.1.3: {}

  secure-json-parse@4.1.0: {}

  tslib@2.8.1: {}

  undici@7.29.0: {}
